
Microsoft Visual Studio Solution File, Format Version 12.00
# Visual Studio Version 17
VisualStudioVersion = 17.1.32407.343
MinimumVisualStudioVersion = 10.0.40219.1
Project("{FAE04EC0-301F-11D3-BF4B-00C04F79EFBC}") = "DAL", "..\DAL\DAL.csproj", "{F1B9DB7E-CB8C-4957-B9B1-6E5ADA34340B}"
EndProject
Project("{FAE04EC0-301F-11D3-BF4B-00C04F79EFBC}") = "BLL", "..\BLL\BLL.csproj", "{C9ADB8F9-65B5-45AC-BFED-F2F475D417C0}"
EndProject
Global
	GlobalSection(SolutionConfigurationPlatforms) = preSolution
		Debug|Any CPU = Debug|Any CPU
		Release|Any CPU = Release|Any CPU
	EndGlobalSection
	GlobalSection(ProjectConfigurationPlatforms) = postSolution
		{F1B9DB7E-CB8C-4957-B9B1-6E5ADA34340B}.Debug|Any CPU.ActiveCfg = Debug|Any CPU
		{F1B9DB7E-CB8C-4957-B9B1-6E5ADA34340B}.Debug|Any CPU.Build.0 = Debug|Any CPU
		{F1B9DB7E-CB8C-4957-B9B1-6E5ADA34340B}.Release|Any CPU.ActiveCfg = Release|Any CPU
		{F1B9DB7E-CB8C-4957-B9B1-6E5ADA34340B}.Release|Any CPU.Build.0 = Release|Any CPU
		{C9ADB8F9-65B5-45AC-BFED-F2F475D417C0}.Debug|Any CPU.ActiveCfg = Debug|Any CPU
		{C9ADB8F9-65B5-45AC-BFED-F2F475D417C0}.Debug|Any CPU.Build.0 = Debug|Any CPU
		{C9ADB8F9-65B5-45AC-BFED-F2F475D417C0}.Release|Any CPU.ActiveCfg = Release|Any CPU
		{C9ADB8F9-65B5-45AC-BFED-F2F475D417C0}.Release|Any CPU.Build.0 = Release|Any CPU
	EndGlobalSection
	GlobalSection(SolutionProperties) = preSolution
		HideSolutionNode = FALSE
	EndGlobalSection
	GlobalSection(ExtensibilityGlobals) = postSolution
		SolutionGuid = {44E076AF-CCFD-4824-877B-5F28BA56CB62}
	EndGlobalSection
EndGlobal
